
Microsoft Visual Studio Solution File, Format Version 12.00
# Visual Studio Version 16
VisualStudioVersion = 16.0.30717.126
MinimumVisualStudioVersion = 10.0.40219.1
Project("{FAE04EC0-301F-11D3-BF4B-00C04F79EFBC}") = "araba", "araba\araba.csproj", "{1F54E813-931E-4198-8BA3-D153AB3791F3}"
EndProject
Global
	GlobalSection(SolutionConfigurationPlatforms) = preSolution
		Debug|Any CPU = Debug|Any CPU
		Release|Any CPU = Release|Any CPU
	EndGlobalSection
	GlobalSection(ProjectConfigurationPlatforms) = postSolution
		{1F54E813-931E-4198-8BA3-D153AB3791F3}.Debug|Any CPU.ActiveCfg = Debug|Any CPU
		{1F54E813-931E-4198-8BA3-D153AB3791F3}.Debug|Any CPU.Build.0 = Debug|Any CPU
		{1F54E813-931E-4198-8BA3-D153AB3791F3}.Release|Any CPU.ActiveCfg = Release|Any CPU
		{1F54E813-931E-4198-8BA3-D153AB3791F3}.Release|Any CPU.Build.0 = Release|Any CPU
	EndGlobalSection
	GlobalSection(SolutionProperties) = preSolution
		HideSolutionNode = FALSE
	EndGlobalSection
	GlobalSection(ExtensibilityGlobals) = postSolution
		SolutionGuid = {398901C7-1754-4078-A839-84AD36BF90C0}
	EndGlobalSection
EndGlobal
