
Microsoft Visual Studio Solution File, Format Version 12.00
# Visual Studio Version 16
VisualStudioVersion = 16.0.30717.126
MinimumVisualStudioVersion = 10.0.40219.1
Project("{FAE04EC0-301F-11D3-BF4B-00C04F79EFBC}") = "sınıflarFatura", "sınıflarFatura\sınıflarFatura.csproj", "{55C6852F-571B-420A-A89F-7622E5FE4432}"
EndProject
Global
	GlobalSection(SolutionConfigurationPlatforms) = preSolution
		Debug|Any CPU = Debug|Any CPU
		Release|Any CPU = Release|Any CPU
	EndGlobalSection
	GlobalSection(ProjectConfigurationPlatforms) = postSolution
		{55C6852F-571B-420A-A89F-7622E5FE4432}.Debug|Any CPU.ActiveCfg = Debug|Any CPU
		{55C6852F-571B-420A-A89F-7622E5FE4432}.Debug|Any CPU.Build.0 = Debug|Any CPU
		{55C6852F-571B-420A-A89F-7622E5FE4432}.Release|Any CPU.ActiveCfg = Release|Any CPU
		{55C6852F-571B-420A-A89F-7622E5FE4432}.Release|Any CPU.Build.0 = Release|Any CPU
	EndGlobalSection
	GlobalSection(SolutionProperties) = preSolution
		HideSolutionNode = FALSE
	EndGlobalSection
	GlobalSection(ExtensibilityGlobals) = postSolution
		SolutionGuid = {5DAA5C3A-1BBA-4817-8677-25CC83DA2A5B}
	EndGlobalSection
EndGlobal
