
Microsoft Visual Studio Solution File, Format Version 12.00
# Visual Studio Version 16
VisualStudioVersion = 16.0.30717.126
MinimumVisualStudioVersion = 10.0.40219.1
Project("{FAE04EC0-301F-11D3-BF4B-00C04F79EFBC}") = "SinifOgrenci", "SinifOgrenci\SinifOgrenci.csproj", "{D2C898EF-5B20-4CBE-9376-0F833F8518CF}"
EndProject
Global
	GlobalSection(SolutionConfigurationPlatforms) = preSolution
		Debug|Any CPU = Debug|Any CPU
		Release|Any CPU = Release|Any CPU
	EndGlobalSection
	GlobalSection(ProjectConfigurationPlatforms) = postSolution
		{D2C898EF-5B20-4CBE-9376-0F833F8518CF}.Debug|Any CPU.ActiveCfg = Debug|Any CPU
		{D2C898EF-5B20-4CBE-9376-0F833F8518CF}.Debug|Any CPU.Build.0 = Debug|Any CPU
		{D2C898EF-5B20-4CBE-9376-0F833F8518CF}.Release|Any CPU.ActiveCfg = Release|Any CPU
		{D2C898EF-5B20-4CBE-9376-0F833F8518CF}.Release|Any CPU.Build.0 = Release|Any CPU
	EndGlobalSection
	GlobalSection(SolutionProperties) = preSolution
		HideSolutionNode = FALSE
	EndGlobalSection
	GlobalSection(ExtensibilityGlobals) = postSolution
		SolutionGuid = {22D095A2-29BE-4FD1-BD19-321D3A753F40}
	EndGlobalSection
EndGlobal
