
Microsoft Visual Studio Solution File, Format Version 12.00
# Visual Studio Version 16
VisualStudioVersion = 16.0.30717.126
MinimumVisualStudioVersion = 10.0.40219.1
Project("{FAE04EC0-301F-11D3-BF4B-00C04F79EFBC}") = "metotlarinAsiriYüklenmesi", "metotlarinAsiriYüklenmesi\metotlarinAsiriYüklenmesi.csproj", "{B0FC97E6-A5D2-4DA7-A654-9C9C86F732B7}"
EndProject
Global
	GlobalSection(SolutionConfigurationPlatforms) = preSolution
		Debug|Any CPU = Debug|Any CPU
		Release|Any CPU = Release|Any CPU
	EndGlobalSection
	GlobalSection(ProjectConfigurationPlatforms) = postSolution
		{B0FC97E6-A5D2-4DA7-A654-9C9C86F732B7}.Debug|Any CPU.ActiveCfg = Debug|Any CPU
		{B0FC97E6-A5D2-4DA7-A654-9C9C86F732B7}.Debug|Any CPU.Build.0 = Debug|Any CPU
		{B0FC97E6-A5D2-4DA7-A654-9C9C86F732B7}.Release|Any CPU.ActiveCfg = Release|Any CPU
		{B0FC97E6-A5D2-4DA7-A654-9C9C86F732B7}.Release|Any CPU.Build.0 = Release|Any CPU
	EndGlobalSection
	GlobalSection(SolutionProperties) = preSolution
		HideSolutionNode = FALSE
	EndGlobalSection
	GlobalSection(ExtensibilityGlobals) = postSolution
		SolutionGuid = {EA6F78B3-6989-4150-9CDF-A72C6BDF632C}
	EndGlobalSection
EndGlobal
